
Microsoft Visual Studio Solution File, Format Version 12.00
# Visual Studio Version 17
VisualStudioVersion = 17.13.35806.99
MinimumVisualStudioVersion = 10.0.40219.1
Project("{FAE04EC0-301F-11D3-BF4B-00C04F79EFBC}") = "ColaFactory", "HerbaKolaFactory\ColaFactory.csproj", "{AECDAAAE-3841-424F-BE4A-FABA1548568F}"
EndProject
Project("{FAE04EC0-301F-11D3-BF4B-00C04F79EFBC}") = "QualifyingSimulation", "QualifyingSimulation\QualifyingSimulation.csproj", "{46374D89-65FA-4BDD-A0D0-AEB93A6B953D}"
EndProject
Project("{FAE04EC0-301F-11D3-BF4B-00C04F79EFBC}") = "TrainLines", "TrainLines\TrainLines.csproj", "{CBB90421-9E46-4583-9FCD-8DBDF24DD6F9}"
EndProject
Global
	GlobalSection(SolutionConfigurationPlatforms) = preSolution
		Debug|Any CPU = Debug|Any CPU
		Release|Any CPU = Release|Any CPU
	EndGlobalSection
	GlobalSection(ProjectConfigurationPlatforms) = postSolution
		{AECDAAAE-3841-424F-BE4A-FABA1548568F}.Debug|Any CPU.ActiveCfg = Debug|Any CPU
		{AECDAAAE-3841-424F-BE4A-FABA1548568F}.Debug|Any CPU.Build.0 = Debug|Any CPU
		{AECDAAAE-3841-424F-BE4A-FABA1548568F}.Release|Any CPU.ActiveCfg = Release|Any CPU
		{AECDAAAE-3841-424F-BE4A-FABA1548568F}.Release|Any CPU.Build.0 = Release|Any CPU
		{46374D89-65FA-4BDD-A0D0-AEB93A6B953D}.Debug|Any CPU.ActiveCfg = Debug|Any CPU
		{46374D89-65FA-4BDD-A0D0-AEB93A6B953D}.Debug|Any CPU.Build.0 = Debug|Any CPU
		{46374D89-65FA-4BDD-A0D0-AEB93A6B953D}.Release|Any CPU.ActiveCfg = Release|Any CPU
		{46374D89-65FA-4BDD-A0D0-AEB93A6B953D}.Release|Any CPU.Build.0 = Release|Any CPU
		{CBB90421-9E46-4583-9FCD-8DBDF24DD6F9}.Debug|Any CPU.ActiveCfg = Debug|Any CPU
		{CBB90421-9E46-4583-9FCD-8DBDF24DD6F9}.Debug|Any CPU.Build.0 = Debug|Any CPU
		{CBB90421-9E46-4583-9FCD-8DBDF24DD6F9}.Release|Any CPU.ActiveCfg = Release|Any CPU
		{CBB90421-9E46-4583-9FCD-8DBDF24DD6F9}.Release|Any CPU.Build.0 = Release|Any CPU
	EndGlobalSection
	GlobalSection(SolutionProperties) = preSolution
		HideSolutionNode = FALSE
	EndGlobalSection
	GlobalSection(ExtensibilityGlobals) = postSolution
		SolutionGuid = {EB7497CA-AB74-4380-8EE5-F3B0C28D1CB8}
	EndGlobalSection
EndGlobal
